
Microsoft Visual Studio Solution File, Format Version 12.00
# Visual Studio Version 17
VisualStudioVersion = 17.5.33516.290
MinimumVisualStudioVersion = 10.0.40219.1
Project("{FAE04EC0-301F-11D3-BF4B-00C04F79EFBC}") = "WpfApp1", "WpfApp1\WpfApp1.csproj", "{CE7CEE90-A322-4B0B-81CA-2E238FC8718A}"
EndProject
Global
	GlobalSection(SolutionConfigurationPlatforms) = preSolution
		Debug|Any CPU = Debug|Any CPU
		Release|Any CPU = Release|Any CPU
	EndGlobalSection
	GlobalSection(ProjectConfigurationPlatforms) = postSolution
		{CE7CEE90-A322-4B0B-81CA-2E238FC8718A}.Debug|Any CPU.ActiveCfg = Debug|Any CPU
		{CE7CEE90-A322-4B0B-81CA-2E238FC8718A}.Debug|Any CPU.Build.0 = Debug|Any CPU
		{CE7CEE90-A322-4B0B-81CA-2E238FC8718A}.Release|Any CPU.ActiveCfg = Release|Any CPU
		{CE7CEE90-A322-4B0B-81CA-2E238FC8718A}.Release|Any CPU.Build.0 = Release|Any CPU
	EndGlobalSection
	GlobalSection(SolutionProperties) = preSolution
		HideSolutionNode = FALSE
	EndGlobalSection
	GlobalSection(ExtensibilityGlobals) = postSolution
		SolutionGuid = {4805318A-83A9-4689-9CEB-4A68C8342B67}
	EndGlobalSection
EndGlobal
